
Microsoft Visual Studio Solution File, Format Version 12.00
# Visual Studio Version 17
VisualStudioVersion = 17.14.36717.8 d17.14
MinimumVisualStudioVersion = 10.0.40219.1
Project("{FAE04EC0-301F-11D3-BF4B-00C04F79EFBC}") = "ProjetoSimples.API", "scr\ProjetoSimples.API\ProjetoSimples.API.csproj", "{1BCC7AF8-6A77-45C3-821A-CC988CCF919E}"
EndProject
Project("{FAE04EC0-301F-11D3-BF4B-00C04F79EFBC}") = "ProjetoSimples.Tests", "tests\ProjetoSimples.Tests\ProjetoSimples.Tests.csproj", "{16B2CA73-0B52-4F7F-8C0E-1B9877425933}"
EndProject
Global
	GlobalSection(SolutionConfigurationPlatforms) = preSolution
		Debug|Any CPU = Debug|Any CPU
		Release|Any CPU = Release|Any CPU
	EndGlobalSection
	GlobalSection(ProjectConfigurationPlatforms) = postSolution
		{1BCC7AF8-6A77-45C3-821A-CC988CCF919E}.Debug|Any CPU.ActiveCfg = Debug|Any CPU
		{1BCC7AF8-6A77-45C3-821A-CC988CCF919E}.Debug|Any CPU.Build.0 = Debug|Any CPU
		{1BCC7AF8-6A77-45C3-821A-CC988CCF919E}.Release|Any CPU.ActiveCfg = Release|Any CPU
		{1BCC7AF8-6A77-45C3-821A-CC988CCF919E}.Release|Any CPU.Build.0 = Release|Any CPU
		{16B2CA73-0B52-4F7F-8C0E-1B9877425933}.Debug|Any CPU.ActiveCfg = Debug|Any CPU
		{16B2CA73-0B52-4F7F-8C0E-1B9877425933}.Debug|Any CPU.Build.0 = Debug|Any CPU
		{16B2CA73-0B52-4F7F-8C0E-1B9877425933}.Release|Any CPU.ActiveCfg = Release|Any CPU
		{16B2CA73-0B52-4F7F-8C0E-1B9877425933}.Release|Any CPU.Build.0 = Release|Any CPU
	EndGlobalSection
	GlobalSection(SolutionProperties) = preSolution
		HideSolutionNode = FALSE
	EndGlobalSection
	GlobalSection(ExtensibilityGlobals) = postSolution
		SolutionGuid = {AFCB9FCC-1280-4F75-90AD-769805B878F0}
	EndGlobalSection
EndGlobal
